
Microsoft Visual Studio Solution File, Format Version 12.00
# Visual Studio Version 17
VisualStudioVersion = 17.10.35013.160
MinimumVisualStudioVersion = 10.0.40219.1
Project("{FAE04EC0-301F-11D3-BF4B-00C04F79EFBC}") = "kidsWithCandies", "kidsWithCandies.csproj", "{DAA6C9C3-35A6-489D-8666-9E0AC17F2883}"
EndProject
Project("{FAE04EC0-301F-11D3-BF4B-00C04F79EFBC}") = "Test", "Test\Test.csproj", "{C65E6D94-D47D-413C-BA6B-176599EF2C4E}"
EndProject
Global
	GlobalSection(SolutionConfigurationPlatforms) = preSolution
		Debug|Any CPU = Debug|Any CPU
		Release|Any CPU = Release|Any CPU
	EndGlobalSection
	GlobalSection(ProjectConfigurationPlatforms) = postSolution
		{DAA6C9C3-35A6-489D-8666-9E0AC17F2883}.Debug|Any CPU.ActiveCfg = Debug|Any CPU
		{DAA6C9C3-35A6-489D-8666-9E0AC17F2883}.Debug|Any CPU.Build.0 = Debug|Any CPU
		{DAA6C9C3-35A6-489D-8666-9E0AC17F2883}.Release|Any CPU.ActiveCfg = Release|Any CPU
		{DAA6C9C3-35A6-489D-8666-9E0AC17F2883}.Release|Any CPU.Build.0 = Release|Any CPU
		{C65E6D94-D47D-413C-BA6B-176599EF2C4E}.Debug|Any CPU.ActiveCfg = Debug|Any CPU
		{C65E6D94-D47D-413C-BA6B-176599EF2C4E}.Debug|Any CPU.Build.0 = Debug|Any CPU
		{C65E6D94-D47D-413C-BA6B-176599EF2C4E}.Release|Any CPU.ActiveCfg = Release|Any CPU
		{C65E6D94-D47D-413C-BA6B-176599EF2C4E}.Release|Any CPU.Build.0 = Release|Any CPU
	EndGlobalSection
	GlobalSection(SolutionProperties) = preSolution
		HideSolutionNode = FALSE
	EndGlobalSection
	GlobalSection(ExtensibilityGlobals) = postSolution
		SolutionGuid = {F28D755B-4B07-45A6-AC07-C431ECA37EE9}
	EndGlobalSection
EndGlobal
